
Microsoft Visual Studio Solution File, Format Version 12.00
# Visual Studio Version 16
VisualStudioVersion = 16.0.30523.141
MinimumVisualStudioVersion = 10.0.40219.1
Project("{FAE04EC0-301F-11D3-BF4B-00C04F79EFBC}") = "NET_FRAMEWORK_REST_ENTRY_POINT_APP", "NET_FRAMEWORK_REST_ENTRY_POINT_APP\NET_FRAMEWORK_REST_ENTRY_POINT_APP.csproj", "{1847A60A-2B72-4FEB-97AA-2D8301B4103E}"
EndProject
Project("{FAE04EC0-301F-11D3-BF4B-00C04F79EFBC}") = "NET_FRAMEWORK_PROPOGATOR_APP", "NET_FRAMEWORK_PROPOGATOR_APP\NET_FRAMEWORK_PROPOGATOR_APP.csproj", "{5FC43F7F-693A-4C56-8BF3-7B8EEC2FD3E7}"
EndProject
Project("{FAE04EC0-301F-11D3-BF4B-00C04F79EFBC}") = "NET_FRAMEWORK_SINK_APP", "NET_FRAMEWORK_SINK_APP\NET_FRAMEWORK_SINK_APP.csproj", "{A658A6EA-AAE0-4985-8333-AB1012C97D20}"
EndProject
Global
	GlobalSection(SolutionConfigurationPlatforms) = preSolution
		Debug|Any CPU = Debug|Any CPU
		Release|Any CPU = Release|Any CPU
	EndGlobalSection
	GlobalSection(ProjectConfigurationPlatforms) = postSolution
		{1847A60A-2B72-4FEB-97AA-2D8301B4103E}.Debug|Any CPU.ActiveCfg = Debug|Any CPU
		{1847A60A-2B72-4FEB-97AA-2D8301B4103E}.Debug|Any CPU.Build.0 = Debug|Any CPU
		{1847A60A-2B72-4FEB-97AA-2D8301B4103E}.Release|Any CPU.ActiveCfg = Release|Any CPU
		{1847A60A-2B72-4FEB-97AA-2D8301B4103E}.Release|Any CPU.Build.0 = Release|Any CPU
		{5FC43F7F-693A-4C56-8BF3-7B8EEC2FD3E7}.Debug|Any CPU.ActiveCfg = Debug|Any CPU
		{5FC43F7F-693A-4C56-8BF3-7B8EEC2FD3E7}.Debug|Any CPU.Build.0 = Debug|Any CPU
		{5FC43F7F-693A-4C56-8BF3-7B8EEC2FD3E7}.Release|Any CPU.ActiveCfg = Release|Any CPU
		{5FC43F7F-693A-4C56-8BF3-7B8EEC2FD3E7}.Release|Any CPU.Build.0 = Release|Any CPU
		{A658A6EA-AAE0-4985-8333-AB1012C97D20}.Debug|Any CPU.ActiveCfg = Debug|Any CPU
		{A658A6EA-AAE0-4985-8333-AB1012C97D20}.Debug|Any CPU.Build.0 = Debug|Any CPU
		{A658A6EA-AAE0-4985-8333-AB1012C97D20}.Release|Any CPU.ActiveCfg = Release|Any CPU
		{A658A6EA-AAE0-4985-8333-AB1012C97D20}.Release|Any CPU.Build.0 = Release|Any CPU
	EndGlobalSection
	GlobalSection(SolutionProperties) = preSolution
		HideSolutionNode = FALSE
	EndGlobalSection
	GlobalSection(ExtensibilityGlobals) = postSolution
		SolutionGuid = {9CB87146-712D-41CA-8331-8AC1F744F6EB}
	EndGlobalSection
EndGlobal
